// !$*UTF8*$!
{
	archiveVersion = 1;
	classes = {
	};
	objectVersion = 50;
	objects = {

/* Begin PBXBuildFile section */
		A83867DF22489A95006353BE /* ALStoryboard.storyboard in Resources */ = {isa = PBXBuildFile; fileRef = A83867DE22489A95006353BE /* ALStoryboard.storyboard */; };
		A83867E122489AAA006353BE /* ALViewController.swift in Sources */ = {isa = PBXBuildFile; fileRef = A83867E022489AAA006353BE /* ALViewController.swift */; };
		A83867E32248A430006353BE /* ALSecondViewController.swift in Sources */ = {isa = PBXBuildFile; fileRef = A83867E22248A430006353BE /* ALSecondViewController.swift */; };
		CA5708C82248964A0060A32B /* AppDelegate.swift in Sources */ = {isa = PBXBuildFile; fileRef = CA5708C72248964A0060A32B /* AppDelegate.swift */; };
		CA5708CA2248964A0060A32B /* ViewController.swift in Sources */ = {isa = PBXBuildFile; fileRef = CA5708C92248964A0060A32B /* ViewController.swift */; };
		CA5708CD2248964A0060A32B /* Main.storyboard in Resources */ = {isa = PBXBuildFile; fileRef = CA5708CB2248964A0060A32B /* Main.storyboard */; };
		CA5708CF2248964F0060A32B /* Assets.xcassets in Resources */ = {isa = PBXBuildFile; fileRef = CA5708CE2248964F0060A32B /* Assets.xcassets */; };
		CA5708D22248964F0060A32B /* LaunchScreen.storyboard in Resources */ = {isa = PBXBuildFile; fileRef = CA5708D02248964F0060A32B /* LaunchScreen.storyboard */; };
/* End PBXBuildFile section */

/* Begin PBXFileReference section */
		A83867DE22489A95006353BE /* ALStoryboard.storyboard */ = {isa = PBXFileReference; lastKnownFileType = file.storyboard; path = ALStoryboard.storyboard; sourceTree = "<group>"; };
		A83867E022489AAA006353BE /* ALViewController.swift */ = {isa = PBXFileReference; lastKnownFileType = sourcecode.swift; path = ALViewController.swift; sourceTree = "<group>"; };
		A83867E22248A430006353BE /* ALSecondViewController.swift */ = {isa = PBXFileReference; lastKnownFileType = sourcecode.swift; path = ALSecondViewController.swift; sourceTree = "<group>"; };
		CA5708C42248964A0060A32B /* DataPassingPractice.app */ = {isa = PBXFileReference; explicitFileType = wrapper.application; includeInIndex = 0; path = DataPassingPractice.app; sourceTree = BUILT_PRODUCTS_DIR; };
		CA5708C72248964A0060A32B /* AppDelegate.swift */ = {isa = PBXFileReference; lastKnownFileType = sourcecode.swift; path = AppDelegate.swift; sourceTree = "<group>"; };
		CA5708C92248964A0060A32B /* ViewController.swift */ = {isa = PBXFileReference; lastKnownFileType = sourcecode.swift; path = ViewController.swift; sourceTree = "<group>"; };
		CA5708CC2248964A0060A32B /* Base */ = {isa = PBXFileReference; lastKnownFileType = file.storyboard; name = Base; path = Base.lproj/Main.storyboard; sourceTree = "<group>"; };
		CA5708CE2248964F0060A32B /* Assets.xcassets */ = {isa = PBXFileReference; lastKnownFileType = folder.assetcatalog; path = Assets.xcassets; sourceTree = "<group>"; };
		CA5708D12248964F0060A32B /* Base */ = {isa = PBXFileReference; lastKnownFileType = file.storyboard; name = Base; path = Base.lproj/LaunchScreen.storyboard; sourceTree = "<group>"; };
		CA5708D32248964F0060A32B /* Info.plist */ = {isa = PBXFileReference; lastKnownFileType = text.plist.xml; path = Info.plist; sourceTree = "<group>"; };
/* End PBXFileReference section */

/* Begin PBXFrameworksBuildPhase section */
		CA5708C12248964A0060A32B /* Frameworks */ = {
			isa = PBXFrameworksBuildPhase;
			buildActionMask = 2147483647;
			files = (
			);
			runOnlyForDeploymentPostprocessing = 0;
		};
/* End PBXFrameworksBuildPhase section */

/* Begin PBXGroup section */
		CA5708BB2248964A0060A32B = {
			isa = PBXGroup;
			children = (
				CA5708C62248964A0060A32B /* DataPassingPractice */,
				CA5708C52248964A0060A32B /* Products */,
			);
			sourceTree = "<group>";
		};
		CA5708C52248964A0060A32B /* Products */ = {
			isa = PBXGroup;
			children = (
				CA5708C42248964A0060A32B /* DataPassingPractice.app */,
			);
			name = Products;
			sourceTree = "<group>";
		};
		CA5708C62248964A0060A32B /* DataPassingPractice */ = {
			isa = PBXGroup;
			children = (
				CA5708C72248964A0060A32B /* AppDelegate.swift */,
				CA5708C92248964A0060A32B /* ViewController.swift */,
				CA5708CB2248964A0060A32B /* Main.storyboard */,
				CA5708CE2248964F0060A32B /* Assets.xcassets */,
				CA5708D02248964F0060A32B /* LaunchScreen.storyboard */,
				CA5708D32248964F0060A32B /* Info.plist */,
				A83867DE22489A95006353BE /* ALStoryboard.storyboard */,
				A83867E022489AAA006353BE /* ALViewController.swift */,
				A83867E22248A430006353BE /* ALSecondViewController.swift */,
			);
			path = DataPassingPractice;
			sourceTree = "<group>";
		};
/* End PBXGroup section */

/* Begin PBXNativeTarget section */
		CA5708C32248964A0060A32B /* DataPassingPractice */ = {
			isa = PBXNativeTarget;
			buildConfigurationList = CA5708D62248964F0060A32B /* Build configuration list for PBXNativeTarget "DataPassingPractice" */;
			buildPhases = (
				CA5708C02248964A0060A32B /* Sources */,
				CA5708C12248964A0060A32B /* Frameworks */,
				CA5708C22248964A0060A32B /* Resources */,
			);
			buildRules = (
			);
			dependencies = (
			);
			name = DataPassingPractice;
			productName = DataPassingPractice;
			productReference = CA5708C42248964A0060A32B /* DataPassingPractice.app */;
			productType = "com.apple.product-type.application";
		};
/* End PBXNativeTarget section */

/* Begin PBXProject section */
		CA5708BC2248964A0060A32B /* Project object */ = {
			isa = PBXProject;
			attributes = {
				LastSwiftUpdateCheck = 1010;
				LastUpgradeCheck = 1010;
				ORGANIZATIONNAME = lohsts;
				TargetAttributes = {
					CA5708C32248964A0060A32B = {
						CreatedOnToolsVersion = 10.1;
					};
				};
			};
			buildConfigurationList = CA5708BF2248964A0060A32B /* Build configuration list for PBXProject "DataPassingPractice" */;
			compatibilityVersion = "Xcode 9.3";
			developmentRegion = en;
			hasScannedForEncodings = 0;
			knownRegions = (
				en,
				Base,
			);
			mainGroup = CA5708BB2248964A0060A32B;
			productRefGroup = CA5708C52248964A0060A32B /* Products */;
			projectDirPath = "";
			projectRoot = "";
			targets = (
				CA5708C32248964A0060A32B /* DataPassingPractice */,
			);
		};
/* End PBXProject section */

/* Begin PBXResourcesBuildPhase section */
		CA5708C22248964A0060A32B /* Resources */ = {
			isa = PBXResourcesBuildPhase;
			buildActionMask = 2147483647;
			files = (
				A83867DF22489A95006353BE /* ALStoryboard.storyboard in Resources */,
				CA5708D22248964F0060A32B /* LaunchScreen.storyboard in Resources */,
				CA5708CF2248964F0060A32B /* Assets.xcassets in Resources */,
				CA5708CD2248964A0060A32B /* Main.storyboard in Resources */,
			);
			runOnlyForDeploymentPostprocessing = 0;
		};
/* End PBXResourcesBuildPhase section */

/* Begin PBXSourcesBuildPhase section */
		CA5708C02248964A0060A32B /* Sources */ = {
			isa = PBXSourcesBuildPhase;
			buildActionMask = 2147483647;
			files = (
				A83867E122489AAA006353BE /* ALViewController.swift in Sources */,
				CA5708CA2248964A0060A32B /* ViewController.swift in Sources */,
				CA5708C82248964A0060A32B /* AppDelegate.swift in Sources */,
				A83867E32248A430006353BE /* ALSecondViewController.swift in Sources */,
			);
			runOnlyForDeploymentPostprocessing = 0;
		};
/* End PBXSourcesBuildPhase section */

/* Begin PBXVariantGroup section */
		CA5708CB2248964A0060A32B /* Main.storyboard */ = {
			isa = PBXVariantGroup;
			children = (
				CA5708CC2248964A0060A32B /* Base */,
			);
			name = Main.storyboard;
			sourceTree = "<group>";
		};
		CA5708D02248964F0060A32B /* LaunchScreen.storyboard */ = {
			isa = PBXVariantGroup;
			children = (
				CA5708D12248964F0060A32B /* Base */,
			);
			name = LaunchScreen.storyboard;
			sourceTree = "<group>";
		};
/* End PBXVariantGroup section */

/* Begin XCBuildConfiguration section */
		CA5708D42248964F0060A32B /* Debug */ = {
			isa = XCBuildConfiguration;
			buildSettings = {
				ALWAYS_SEARCH_USER_PATHS = NO;
				CLANG_ANALYZER_NONNULL = YES;
				CLANG_ANALYZER_NUMBER_OBJECT_CONVERSION = YES_AGGRESSIVE;
				CLANG_CXX_LANGUAGE_STANDARD = "gnu++14";
				CLANG_CXX_LIBRARY = "libc++";
				CLANG_ENABLE_MODULES = YES;
				CLANG_ENABLE_OBJC_ARC = YES;
				CLANG_ENABLE_OBJC_WEAK = YES;
				CLANG_WARN_BLOCK_CAPTURE_AUTORELEASING = YES;
				CLANG_WARN_BOOL_CONVERSION = YES;
				CLANG_WARN_COMMA = YES;
				CLANG_WARN_CONSTANT_CONVERSION = YES;
				CLANG_WARN_DEPRECATED_OBJC_IMPLEMENTATIONS = YES;
				CLANG_WARN_DIRECT_OBJC_ISA_USAGE = YES_ERROR;
				CLANG_WARN_DOCUMENTATION_COMMENTS = YES;
				CLANG_WARN_EMPTY_BODY = YES;
				CLANG_WARN_ENUM_CONVERSION = YES;
				CLANG_WARN_INFINITE_RECURSION = YES;
				CLANG_WARN_INT_CONVERSION = YES;
				CLANG_WARN_NON_LITERAL_NULL_CONVERSION = YES;
				CLANG_WARN_OBJC_IMPLICIT_RETAIN_SELF = YES;
				CLANG_WARN_OBJC_LITERAL_CONVERSION = YES;
				CLANG_WARN_OBJC_ROOT_CLASS = YES_ERROR;
				CLANG_WARN_RANGE_LOOP_ANALYSIS = YES;
				CLANG_WARN_STRICT_PROTOTYPES = YES;
				CLANG_WARN_SUSPICIOUS_MOVE = YES;
				CLANG_WARN_UNGUARDED_AVAILABILITY = YES_AGGRESSIVE;
				CLANG_WARN_UNREACHABLE_CODE = YES;
				CLANG_WARN__DUPLICATE_METHOD_MATCH = YES;
				CODE_SIGN_IDENTITY = "iPhone Developer";
				COPY_PHASE_STRIP = NO;
				DEBUG_INFORMATION_FORMAT = dwarf;
				ENABLE_STRICT_OBJC_MSGSEND = YES;
				ENABLE_TESTABILITY = YES;
				GCC_C_LANGUAGE_STANDARD = gnu11;
				GCC_DYNAMIC_NO_PIC = NO;
				GCC_NO_COMMON_BLOCKS = YES;
				GCC_OPTIMIZATION_LEVEL = 0;
				GCC_PREPROCESSOR_DEFINITIONS = (
					"DEBUG=1",
					"$(inherited)",
				);
				GCC_WARN_64_TO_32_BIT_CONVERSION = YES;
				GCC_WARN_ABOUT_RETURN_TYPE = YES_ERROR;
				GCC_WARN_UNDECLARED_SELECTOR = YES;
				GCC_WARN_UNINITIALIZED_AUTOS = YES_AGGRESSIVE;
				GCC_WARN_UNUSED_FUNCTION = YES;
				GCC_WARN_UNUSED_VARIABLE = YES;
				IPHONEOS_DEPLOYMENT_TARGET = 12.1;
				MTL_ENABLE_DEBUG_INFO = INCLUDE_SOURCE;
				MTL_FAST_MATH = YES;
				ONLY_ACTIVE_ARCH = YES;
				SDKROOT = iphoneos;
				SWIFT_ACTIVE_COMPILATION_CONDITIONS = DEBUG;
				SWIFT_OPTIMIZATION_LEVEL = "-Onone";
			};
			name = Debug;
		};
		CA5708D52248964F0060A32B /* Release */ = {
			isa = XCBuildConfiguration;
			buildSettings = {
				ALWAYS_SEARCH_USER_PATHS = NO;
				CLANG_ANALYZER_NONNULL = YES;
				CLANG_ANALYZER_NUMBER_OBJECT_CONVERSION = YES_AGGRESSIVE;
				CLANG_CXX_LANGUAGE_STANDARD = "gnu++14";
				CLANG_CXX_LIBRARY = "libc++";
				CLANG_ENABLE_MODULES = YES;
				CLANG_ENABLE_OBJC_ARC = YES;
				CLANG_ENABLE_OBJC_WEAK = YES;
				CLANG_WARN_BLOCK_CAPTURE_AUTORELEASING = YES;
				CLANG_WARN_BOOL_CONVERSION = YES;
				CLANG_WARN_COMMA = YES;
				CLANG_WARN_CONSTANT_CONVERSION = YES;
				CLANG_WARN_DEPRECATED_OBJC_IMPLEMENTATIONS = YES;
				CLANG_WARN_DIRECT_OBJC_ISA_USAGE = YES_ERROR;
				CLANG_WARN_DOCUMENTATION_COMMENTS = YES;
				CLANG_WARN_EMPTY_BODY = YES;
				CLANG_WARN_ENUM_CONVERSION = YES;
				CLANG_WARN_INFINITE_RECURSION = YES;
				CLANG_WARN_INT_CONVERSION = YES;
				CLANG_WARN_NON_LITERAL_NULL_CONVERSION = YES;
				CLANG_WARN_OBJC_IMPLICIT_RETAIN_SELF = YES;
				CLANG_WARN_OBJC_LITERAL_CONVERSION = YES;
				CLANG_WARN_OBJC_ROOT_CLASS = YES_ERROR;
				CLANG_WARN_RANGE_LOOP_ANALYSIS = YES;
				CLANG_WARN_STRICT_PROTOTYPES = YES;
				CLANG_WARN_SUSPICIOUS_MOVE = YES;
				CLANG_WARN_UNGUARDED_AVAILABILITY = YES_AGGRESSIVE;
				CLANG_WARN_UNREACHABLE_CODE = YES;
				CLANG_WARN__DUPLICATE_METHOD_MATCH = YES;
				CODE_SIGN_IDENTITY = "iPhone Developer";
				COPY_PHASE_STRIP = NO;
				DEBUG_INFORMATION_FORMAT = "dwarf-with-dsym";
				ENABLE_NS_ASSERTIONS = NO;
				ENABLE_STRICT_OBJC_MSGSEND = YES;
				GCC_C_LANGUAGE_STANDARD = gnu11;
				GCC_NO_COMMON_BLOCKS = YES;
				GCC_WARN_64_TO_32_BIT_CONVERSION = YES;
				GCC_WARN_ABOUT_RETURN_TYPE = YES_ERROR;
				GCC_WARN_UNDECLARED_SELECTOR = YES;
				GCC_WARN_UNINITIALIZED_AUTOS = YES_AGGRESSIVE;
				GCC_WARN_UNUSED_FUNCTION = YES;
				GCC_WARN_UNUSED_VARIABLE = YES;
				IPHONEOS_DEPLOYMENT_TARGET = 12.1;
				MTL_ENABLE_DEBUG_INFO = NO;
				MTL_FAST_MATH = YES;
				SDKROOT = iphoneos;
				SWIFT_COMPILATION_MODE = wholemodule;
				SWIFT_OPTIMIZATION_LEVEL = "-O";
				VALIDATE_PRODUCT = YES;
			};
			name = Release;
		};
		CA5708D72248964F0060A32B /* Debug */ = {
			isa = XCBuildConfiguration;
			buildSettings = {
				ASSETCATALOG_COMPILER_APPICON_NAME = AppIcon;
				CODE_SIGN_STYLE = Automatic;
				INFOPLIST_FILE = DataPassingPractice/Info.plist;
				LD_RUNPATH_SEARCH_PATHS = (
					"$(inherited)",
					"@executable_path/Frameworks",
				);
				PRODUCT_BUNDLE_IDENTIFIER = lohsts.DataPassingPractice;
				PRODUCT_NAME = "$(TARGET_NAME)";
				SWIFT_VERSION = 4.2;
				TARGETED_DEVICE_FAMILY = "1,2";
			};
			name = Debug;
		};
		CA5708D82248964F0060A32B /* Release */ = {
			isa = XCBuildConfiguration;
			buildSettings = {
				ASSETCATALOG_COMPILER_APPICON_NAME = AppIcon;
				CODE_SIGN_STYLE = Automatic;
				INFOPLIST_FILE = DataPassingPractice/Info.plist;
				LD_RUNPATH_SEARCH_PATHS = (
					"$(inherited)",
					"@executable_path/Frameworks",
				);
				PRODUCT_BUNDLE_IDENTIFIER = lohsts.DataPassingPractice;
				PRODUCT_NAME = "$(TARGET_NAME)";
				SWIFT_VERSION = 4.2;
				TARGETED_DEVICE_FAMILY = "1,2";
			};
			name = Release;
		};
/* End XCBuildConfiguration section */

/* Begin XCConfigurationList section */
		CA5708BF2248964A0060A32B /* Build configuration list for PBXProject "DataPassingPractice" */ = {
			isa = XCConfigurationList;
			buildConfigurations = (
				CA5708D42248964F0060A32B /* Debug */,
				CA5708D52248964F0060A32B /* Release */,
			);
			defaultConfigurationIsVisible = 0;
			defaultConfigurationName = Release;
		};
		CA5708D62248964F0060A32B /* Build configuration list for PBXNativeTarget "DataPassingPractice" */ = {
			isa = XCConfigurationList;
			buildConfigurations = (
				CA5708D72248964F0060A32B /* Debug */,
				CA5708D82248964F0060A32B /* Release */,
			);
			defaultConfigurationIsVisible = 0;
			defaultConfigurationName = Release;
		};
/* End XCConfigurationList section */
	};
	rootObject = CA5708BC2248964A0060A32B /* Project object */;
}
